{
  "object": {
    "pins": [
      {
        "package": "Brotli",
        "repositoryURL": "https://github.com/xcodegou/Brotli.git",
        "state": {
          "branch": "main",
          "revision": "c4f4eb9472e25d128279df83db2c11c44b0156ea",
          "version": null
        }
      },
      {
        "package": "CocoaAsyncSocket",
        "repositoryURL": "https://github.com/robbiehanson/CocoaAsyncSocket",
        "state": {
          "branch": null,
          "revision": "dbdc00669c1ced63b27c3c5f052ee4d28f10150c",
          "version": "7.6.5"
        }
      },
      {
        "package": "MJRefresh",
        "repositoryURL": "https://github.com/CoderMJLee/MJRefresh.git",
        "state": {
          "branch": null,
          "revision": "535d39c86e592d73f8b8e75f9bf1eda62ca4a4ce",
          "version": "3.7.9"
        }
      },
      {
        "package": "MQQComponents",
        "repositoryURL": "https://github.com/xcodegou/MQQComponents.git",
        "state": {
          "branch": "main",
          "revision": "8fc91a2400c77e9ba091f05f0212ba5891e49437",
          "version": null
        }
      },
      {
        "package": "PromiseObjC",
        "repositoryURL": "https://github.com/xcodegou/PromiseObjC.git",
        "state": {
          "branch": "main",
          "revision": "82408b3aba4ea2001784d4b62ae2280e9bf54a02",
          "version": null
        }
      },
      {
        "package": "SocketRocket",
        "repositoryURL": "https://github.com/xcodegou/SocketRocket.git",
        "state": {
          "branch": "main",
          "revision": "a1a98a9486adb613b3ee454572e4c2d29f9e5e63",
          "version": null
        }
      },
      {
        "package": "Tars",
        "repositoryURL": "https://github.com/xcodegou/Tars.git",
        "state": {
          "branch": "main",
          "revision": "e5a9ff848bff768602ecd97c052ff501c3710c87",
          "version": null
        }
      },
      {
        "package": "TMFShark",
        "repositoryURL": "https://github.com/xcodegou/TMFShark.git",
        "state": {
          "branch": "main",
          "revision": "f0215b90b16546a2da513ffd2492eb1ce4a21c34",
          "version": null
        }
      },
      {
        "package": "ZipArchive",
        "repositoryURL": "https://github.com/ZipArchive/ZipArchive.git",
        "state": {
          "branch": null,
          "revision": "df35718ea19a94e015b91dc4881dee028ce4cdba",
          "version": "2.6.0"
        }
      }
    ]
  },
  "version": 1
}
