{
  "object": {
    "pins": [
      {
        "package": "Brotli",
        "repositoryURL": "https://github.com/xcodegou/Brotli.git",
        "state": {
          "branch": "master",
          "revision": "63d97af69fdc0b505c908a9137c5b0210facf9eb",
          "version": null
        }
      },
      {
        "package": "MJRefresh",
        "repositoryURL": "https://github.com/CoderMJLee/MJRefresh.git",
        "state": {
          "branch": null,
          "revision": "535d39c86e592d73f8b8e75f9bf1eda62ca4a4ce",
          "version": "3.7.9"
        }
      },
      {
        "package": "MQQComponents",
        "repositoryURL": "https://github.com/xcodegou/MQQComponents.git",
        "state": {
          "branch": "main",
          "revision": "e1d113acd2d784abad25fc0a22711da8d1626cb1",
          "version": null
        }
      },
      {
        "package": "PromiseObjC",
        "repositoryURL": "https://github.com/xcodegou/PromiseObjC.git",
        "state": {
          "branch": "main",
          "revision": "1b2f0c6554eedc2625d747cb6f96c9375642e50a",
          "version": null
        }
      },
      {
        "package": "SocketRocket",
        "repositoryURL": "https://github.com/xcodegou/SocketRocket.git",
        "state": {
          "branch": "master",
          "revision": "233d821d567ebc2815692e849a3665697106ad80",
          "version": null
        }
      },
      {
        "package": "SSZipArchive",
        "repositoryURL": "https://github.com/xcodegou/SSZipArchive.git",
        "state": {
          "branch": "master",
          "revision": "fdb08f32192c58676c0d16dba185d4019119385f",
          "version": null
        }
      },
      {
        "package": "Tars",
        "repositoryURL": "https://github.com/xcodegou/Tars.git",
        "state": {
          "branch": "main",
          "revision": "e5a9ff848bff768602ecd97c052ff501c3710c87",
          "version": null
        }
      }
    ]
  },
  "version": 1
}
